# THIS IS AN AUTOGENERATED FILE. DO NOT EDIT THIS FILE DIRECTLY.
# yarn lockfile v1


"@remix-run/router@1.7.1":
  "integrity" "sha512-bgVQM4ZJ2u2CM8k1ey70o1ePFXsEzYVZoWghh6WjM8p59jQ7HxzbHW4SbnWFG7V9ig9chLawQxDTZ3xzOF8MkQ=="
  "resolved" "https://registry.npmjs.org/@remix-run/router/-/router-1.7.1.tgz"
  "version" "1.7.1"

"js-tokens@^3.0.0 || ^4.0.0":
  "integrity" "sha512-RdJUflcE3cUzKiMqQgsCu06FPu9UdIJO0beYbPhHN4k6apgJtifcoCtT9bcxOpYBtpD2kCM6Sbzg4CausW/PKQ=="
  "resolved" "https://registry.npmjs.org/js-tokens/-/js-tokens-4.0.0.tgz"
  "version" "4.0.0"

"loose-envify@^1.1.0":
  "integrity" "sha512-lyuxPGr/Wfhrlem2CL/UcnUc1zcqKAImBDzukY7Y5F/yQiNdko6+fRLevlw1HgMySw7f611UIY408EtxRSoK3Q=="
  "resolved" "https://registry.npmjs.org/loose-envify/-/loose-envify-1.4.0.tgz"
  "version" "1.4.0"
  dependencies:
    "js-tokens" "^3.0.0 || ^4.0.0"

"phosphor-react@^1.4.1":
  "integrity" "sha512-gO5j7U0xZrdglTAYDYPACU4xDOFBTJmptrrB/GeR+tHhCZF3nUMyGmV/0hnloKjuTrOmpSFlbfOY78H39rgjUQ=="
  "resolved" "https://registry.npmjs.org/phosphor-react/-/phosphor-react-1.4.1.tgz"
  "version" "1.4.1"

"react-alice-carousel@^2.7.1":
  "integrity" "sha512-8ljKi5y+eqlsRkO4qRxEXIP0067w/4zvZvpJ66w+eAbeF0hIgC3iLeSmVtNc+F6ISzFsEJX0cOx7jIawXs0G8A=="
  "resolved" "https://registry.npmjs.org/react-alice-carousel/-/react-alice-carousel-2.7.1.tgz"
  "version" "2.7.1"
  dependencies:
    "vanilla-swipe" "^2.4.1"

"react-dom@>=16.8":
  "integrity" "sha512-6IMTriUmvsjHUjNtEDudZfuDQUoWXVxKHhlEGSk81n4YFS+r/Kl99wXiwlVXtPBtJenozv2P+hxDsw9eA7Xo6g=="
  "resolved" "https://registry.npmjs.org/react-dom/-/react-dom-18.2.0.tgz"
  "version" "18.2.0"
  dependencies:
    "loose-envify" "^1.1.0"
    "scheduler" "^0.23.0"

"react-router-dom@^6.14.1":
  "integrity" "sha512-ssF6M5UkQjHK70fgukCJyjlda0Dgono2QGwqGvuk7D+EDGHdacEN3Yke2LTMjkrpHuFwBfDFsEjGVXBDmL+bWw=="
  "resolved" "https://registry.npmjs.org/react-router-dom/-/react-router-dom-6.14.1.tgz"
  "version" "6.14.1"
  dependencies:
    "@remix-run/router" "1.7.1"
    "react-router" "6.14.1"

"react-router@6.14.1":
  "integrity" "sha512-U4PfgvG55LdvbQjg5Y9QRWyVxIdO1LlpYT7x+tMAxd9/vmiPuJhIwdxZuIQLN/9e3O4KFDHYfR9gzGeYMasW8g=="
  "resolved" "https://registry.npmjs.org/react-router/-/react-router-6.14.1.tgz"
  "version" "6.14.1"
  dependencies:
    "@remix-run/router" "1.7.1"

"react@^18.2.0", "react@>=15.4", "react@>=16", "react@>=16.8":
  "integrity" "sha512-/3IjMdb2L9QbBdWiW5e3P2/npwMBaU9mHCSCUzNln0ZCYbcfTsGbTJrU/kGemdH2IWmB2ioZ+zkxtmq6g09fGQ=="
  "resolved" "https://registry.npmjs.org/react/-/react-18.2.0.tgz"
  "version" "18.2.0"
  dependencies:
    "loose-envify" "^1.1.0"

"scheduler@^0.23.0":
  "integrity" "sha512-CtuThmgHNg7zIZWAXi3AsyIzA3n4xx7aNyjwC2VJldO2LMVDhFK+63xGqq6CsJH4rTAt6/M+N4GhZiDYPx9eUw=="
  "resolved" "https://registry.npmjs.org/scheduler/-/scheduler-0.23.0.tgz"
  "version" "0.23.0"
  dependencies:
    "loose-envify" "^1.1.0"

"vanilla-swipe@^2.4.1":
  "integrity" "sha512-o6pfI0dipet88ZnPLV4Jx04Ia+U3xANh14vhROW2TOe/mrwk2JGG68+Z0BPoD1YUcQQEnK4SZBXkqFe+K1l7/w=="
  "resolved" "https://registry.npmjs.org/vanilla-swipe/-/vanilla-swipe-2.4.1.tgz"
  "version" "2.4.1"
